// !$*UTF8*$!
{
	archiveVersion = 1;
	classes = {
	};
	objectVersion = 50;
	objects = {

/* Begin PBXBuildFile section */
		749D608A26AA44A4002D044C /* AppDelegate.swift in Sources */ = {isa = PBXBuildFile; fileRef = 749D608926AA44A4002D044C /* AppDelegate.swift */; };
		749D608C26AA44A4002D044C /* SceneDelegate.swift in Sources */ = {isa = PBXBuildFile; fileRef = 749D608B26AA44A4002D044C /* SceneDelegate.swift */; };
		749D608E26AA44A4002D044C /* ViewController.swift in Sources */ = {isa = PBXBuildFile; fileRef = 749D608D26AA44A4002D044C /* ViewController.swift */; };
		749D609126AA44A4002D044C /* Main.storyboard in Resources */ = {isa = PBXBuildFile; fileRef = 749D608F26AA44A4002D044C /* Main.storyboard */; };
		749D609326AA44A4002D044C /* Assets.xcassets in Resources */ = {isa = PBXBuildFile; fileRef = 749D609226AA44A4002D044C /* Assets.xcassets */; };
		749D609626AA44A4002D044C /* LaunchScreen.storyboard in Resources */ = {isa = PBXBuildFile; fileRef = 749D609426AA44A4002D044C /* LaunchScreen.storyboard */; };
		749D609F26AA4B31002D044C /* FruitCell.xib in Resources */ = {isa = PBXBuildFile; fileRef = 749D609E26AA4B31002D044C /* FruitCell.xib */; };
		749D60A326AA4C2F002D044C /* FruitCell.swift in Sources */ = {isa = PBXBuildFile; fileRef = 749D60A226AA4C2F002D044C /* FruitCell.swift */; };
		749D60A526AA86A9002D044C /* FruitRepository.swift in Sources */ = {isa = PBXBuildFile; fileRef = 749D60A426AA86A9002D044C /* FruitRepository.swift */; };
		749F714426AA9E47005F9362 /* FruitsListView.swift in Sources */ = {isa = PBXBuildFile; fileRef = 749F714326AA9E47005F9362 /* FruitsListView.swift */; };
		749F714726AA9ECB005F9362 /* Fruit.swift in Sources */ = {isa = PBXBuildFile; fileRef = 749F714626AA9ECB005F9362 /* Fruit.swift */; };
/* End PBXBuildFile section */

/* Begin PBXFileReference section */
		749D608626AA44A4002D044C /* DiffableDataSourceReloadCellContents.app */ = {isa = PBXFileReference; explicitFileType = wrapper.application; includeInIndex = 0; path = DiffableDataSourceReloadCellContents.app; sourceTree = BUILT_PRODUCTS_DIR; };
		749D608926AA44A4002D044C /* AppDelegate.swift */ = {isa = PBXFileReference; lastKnownFileType = sourcecode.swift; path = AppDelegate.swift; sourceTree = "<group>"; };
		749D608B26AA44A4002D044C /* SceneDelegate.swift */ = {isa = PBXFileReference; lastKnownFileType = sourcecode.swift; path = SceneDelegate.swift; sourceTree = "<group>"; };
		749D608D26AA44A4002D044C /* ViewController.swift */ = {isa = PBXFileReference; lastKnownFileType = sourcecode.swift; path = ViewController.swift; sourceTree = "<group>"; };
		749D609026AA44A4002D044C /* Base */ = {isa = PBXFileReference; lastKnownFileType = file.storyboard; name = Base; path = Base.lproj/Main.storyboard; sourceTree = "<group>"; };
		749D609226AA44A4002D044C /* Assets.xcassets */ = {isa = PBXFileReference; lastKnownFileType = folder.assetcatalog; path = Assets.xcassets; sourceTree = "<group>"; };
		749D609526AA44A4002D044C /* Base */ = {isa = PBXFileReference; lastKnownFileType = file.storyboard; name = Base; path = Base.lproj/LaunchScreen.storyboard; sourceTree = "<group>"; };
		749D609726AA44A4002D044C /* Info.plist */ = {isa = PBXFileReference; lastKnownFileType = text.plist.xml; path = Info.plist; sourceTree = "<group>"; };
		749D609E26AA4B31002D044C /* FruitCell.xib */ = {isa = PBXFileReference; lastKnownFileType = file.xib; path = FruitCell.xib; sourceTree = "<group>"; };
		749D60A226AA4C2F002D044C /* FruitCell.swift */ = {isa = PBXFileReference; lastKnownFileType = sourcecode.swift; path = FruitCell.swift; sourceTree = "<group>"; };
		749D60A426AA86A9002D044C /* FruitRepository.swift */ = {isa = PBXFileReference; lastKnownFileType = sourcecode.swift; path = FruitRepository.swift; sourceTree = "<group>"; };
		749F714326AA9E47005F9362 /* FruitsListView.swift */ = {isa = PBXFileReference; lastKnownFileType = sourcecode.swift; path = FruitsListView.swift; sourceTree = "<group>"; };
		749F714626AA9ECB005F9362 /* Fruit.swift */ = {isa = PBXFileReference; lastKnownFileType = sourcecode.swift; path = Fruit.swift; sourceTree = "<group>"; };
/* End PBXFileReference section */

/* Begin PBXFrameworksBuildPhase section */
		749D608326AA44A4002D044C /* Frameworks */ = {
			isa = PBXFrameworksBuildPhase;
			buildActionMask = 2147483647;
			files = (
			);
			runOnlyForDeploymentPostprocessing = 0;
		};
/* End PBXFrameworksBuildPhase section */

/* Begin PBXGroup section */
		749D607D26AA44A4002D044C = {
			isa = PBXGroup;
			children = (
				749D608826AA44A4002D044C /* DiffableDataSourceReloadCellContents */,
				749D608726AA44A4002D044C /* Products */,
			);
			sourceTree = "<group>";
		};
		749D608726AA44A4002D044C /* Products */ = {
			isa = PBXGroup;
			children = (
				749D608626AA44A4002D044C /* DiffableDataSourceReloadCellContents.app */,
			);
			name = Products;
			sourceTree = "<group>";
		};
		749D608826AA44A4002D044C /* DiffableDataSourceReloadCellContents */ = {
			isa = PBXGroup;
			children = (
				749F714526AA9EC1005F9362 /* Model */,
				749D60A626AA86AE002D044C /* Repository */,
				749D609D26AA4B22002D044C /* Cell */,
				749D608926AA44A4002D044C /* AppDelegate.swift */,
				749D608B26AA44A4002D044C /* SceneDelegate.swift */,
				749D608D26AA44A4002D044C /* ViewController.swift */,
				749D608F26AA44A4002D044C /* Main.storyboard */,
				749F714326AA9E47005F9362 /* FruitsListView.swift */,
				749D609226AA44A4002D044C /* Assets.xcassets */,
				749D609426AA44A4002D044C /* LaunchScreen.storyboard */,
				749D609726AA44A4002D044C /* Info.plist */,
			);
			path = DiffableDataSourceReloadCellContents;
			sourceTree = "<group>";
		};
		749D609D26AA4B22002D044C /* Cell */ = {
			isa = PBXGroup;
			children = (
				749D609E26AA4B31002D044C /* FruitCell.xib */,
				749D60A226AA4C2F002D044C /* FruitCell.swift */,
			);
			path = Cell;
			sourceTree = "<group>";
		};
		749D60A626AA86AE002D044C /* Repository */ = {
			isa = PBXGroup;
			children = (
				749D60A426AA86A9002D044C /* FruitRepository.swift */,
			);
			path = Repository;
			sourceTree = "<group>";
		};
		749F714526AA9EC1005F9362 /* Model */ = {
			isa = PBXGroup;
			children = (
				749F714626AA9ECB005F9362 /* Fruit.swift */,
			);
			path = Model;
			sourceTree = "<group>";
		};
/* End PBXGroup section */

/* Begin PBXNativeTarget section */
		749D608526AA44A4002D044C /* DiffableDataSourceReloadCellContents */ = {
			isa = PBXNativeTarget;
			buildConfigurationList = 749D609A26AA44A4002D044C /* Build configuration list for PBXNativeTarget "DiffableDataSourceReloadCellContents" */;
			buildPhases = (
				749D608226AA44A4002D044C /* Sources */,
				749D608326AA44A4002D044C /* Frameworks */,
				749D608426AA44A4002D044C /* Resources */,
			);
			buildRules = (
			);
			dependencies = (
			);
			name = DiffableDataSourceReloadCellContents;
			productName = DiffableDataSourceReloadCellContents;
			productReference = 749D608626AA44A4002D044C /* DiffableDataSourceReloadCellContents.app */;
			productType = "com.apple.product-type.application";
		};
/* End PBXNativeTarget section */

/* Begin PBXProject section */
		749D607E26AA44A4002D044C /* Project object */ = {
			isa = PBXProject;
			attributes = {
				LastSwiftUpdateCheck = 1250;
				LastUpgradeCheck = 1250;
				TargetAttributes = {
					749D608526AA44A4002D044C = {
						CreatedOnToolsVersion = 12.5.1;
					};
				};
			};
			buildConfigurationList = 749D608126AA44A4002D044C /* Build configuration list for PBXProject "DiffableDataSourceReloadCellContents" */;
			compatibilityVersion = "Xcode 9.3";
			developmentRegion = en;
			hasScannedForEncodings = 0;
			knownRegions = (
				en,
				Base,
			);
			mainGroup = 749D607D26AA44A4002D044C;
			productRefGroup = 749D608726AA44A4002D044C /* Products */;
			projectDirPath = "";
			projectRoot = "";
			targets = (
				749D608526AA44A4002D044C /* DiffableDataSourceReloadCellContents */,
			);
		};
/* End PBXProject section */

/* Begin PBXResourcesBuildPhase section */
		749D608426AA44A4002D044C /* Resources */ = {
			isa = PBXResourcesBuildPhase;
			buildActionMask = 2147483647;
			files = (
				749D609F26AA4B31002D044C /* FruitCell.xib in Resources */,
				749D609626AA44A4002D044C /* LaunchScreen.storyboard in Resources */,
				749D609326AA44A4002D044C /* Assets.xcassets in Resources */,
				749D609126AA44A4002D044C /* Main.storyboard in Resources */,
			);
			runOnlyForDeploymentPostprocessing = 0;
		};
/* End PBXResourcesBuildPhase section */

/* Begin PBXSourcesBuildPhase section */
		749D608226AA44A4002D044C /* Sources */ = {
			isa = PBXSourcesBuildPhase;
			buildActionMask = 2147483647;
			files = (
				749D60A526AA86A9002D044C /* FruitRepository.swift in Sources */,
				749D60A326AA4C2F002D044C /* FruitCell.swift in Sources */,
				749D608E26AA44A4002D044C /* ViewController.swift in Sources */,
				749D608A26AA44A4002D044C /* AppDelegate.swift in Sources */,
				749F714726AA9ECB005F9362 /* Fruit.swift in Sources */,
				749D608C26AA44A4002D044C /* SceneDelegate.swift in Sources */,
				749F714426AA9E47005F9362 /* FruitsListView.swift in Sources */,
			);
			runOnlyForDeploymentPostprocessing = 0;
		};
/* End PBXSourcesBuildPhase section */

/* Begin PBXVariantGroup section */
		749D608F26AA44A4002D044C /* Main.storyboard */ = {
			isa = PBXVariantGroup;
			children = (
				749D609026AA44A4002D044C /* Base */,
			);
			name = Main.storyboard;
			sourceTree = "<group>";
		};
		749D609426AA44A4002D044C /* LaunchScreen.storyboard */ = {
			isa = PBXVariantGroup;
			children = (
				749D609526AA44A4002D044C /* Base */,
			);
			name = LaunchScreen.storyboard;
			sourceTree = "<group>";
		};
/* End PBXVariantGroup section */

/* Begin XCBuildConfiguration section */
		749D609826AA44A4002D044C /* Debug */ = {
			isa = XCBuildConfiguration;
			buildSettings = {
				ALWAYS_SEARCH_USER_PATHS = NO;
				CLANG_ANALYZER_NONNULL = YES;
				CLANG_ANALYZER_NUMBER_OBJECT_CONVERSION = YES_AGGRESSIVE;
				CLANG_CXX_LANGUAGE_STANDARD = "gnu++14";
				CLANG_CXX_LIBRARY = "libc++";
				CLANG_ENABLE_MODULES = YES;
				CLANG_ENABLE_OBJC_ARC = YES;
				CLANG_ENABLE_OBJC_WEAK = YES;
				CLANG_WARN_BLOCK_CAPTURE_AUTORELEASING = YES;
				CLANG_WARN_BOOL_CONVERSION = YES;
				CLANG_WARN_COMMA = YES;
				CLANG_WARN_CONSTANT_CONVERSION = YES;
				CLANG_WARN_DEPRECATED_OBJC_IMPLEMENTATIONS = YES;
				CLANG_WARN_DIRECT_OBJC_ISA_USAGE = YES_ERROR;
				CLANG_WARN_DOCUMENTATION_COMMENTS = YES;
				CLANG_WARN_EMPTY_BODY = YES;
				CLANG_WARN_ENUM_CONVERSION = YES;
				CLANG_WARN_INFINITE_RECURSION = YES;
				CLANG_WARN_INT_CONVERSION = YES;
				CLANG_WARN_NON_LITERAL_NULL_CONVERSION = YES;
				CLANG_WARN_OBJC_IMPLICIT_RETAIN_SELF = YES;
				CLANG_WARN_OBJC_LITERAL_CONVERSION = YES;
				CLANG_WARN_OBJC_ROOT_CLASS = YES_ERROR;
				CLANG_WARN_QUOTED_INCLUDE_IN_FRAMEWORK_HEADER = YES;
				CLANG_WARN_RANGE_LOOP_ANALYSIS = YES;
				CLANG_WARN_STRICT_PROTOTYPES = YES;
				CLANG_WARN_SUSPICIOUS_MOVE = YES;
				CLANG_WARN_UNGUARDED_AVAILABILITY = YES_AGGRESSIVE;
				CLANG_WARN_UNREACHABLE_CODE = YES;
				CLANG_WARN__DUPLICATE_METHOD_MATCH = YES;
				COPY_PHASE_STRIP = NO;
				DEBUG_INFORMATION_FORMAT = dwarf;
				ENABLE_STRICT_OBJC_MSGSEND = YES;
				ENABLE_TESTABILITY = YES;
				GCC_C_LANGUAGE_STANDARD = gnu11;
				GCC_DYNAMIC_NO_PIC = NO;
				GCC_NO_COMMON_BLOCKS = YES;
				GCC_OPTIMIZATION_LEVEL = 0;
				GCC_PREPROCESSOR_DEFINITIONS = (
					"DEBUG=1",
					"$(inherited)",
				);
				GCC_WARN_64_TO_32_BIT_CONVERSION = YES;
				GCC_WARN_ABOUT_RETURN_TYPE = YES_ERROR;
				GCC_WARN_UNDECLARED_SELECTOR = YES;
				GCC_WARN_UNINITIALIZED_AUTOS = YES_AGGRESSIVE;
				GCC_WARN_UNUSED_FUNCTION = YES;
				GCC_WARN_UNUSED_VARIABLE = YES;
				IPHONEOS_DEPLOYMENT_TARGET = 13.0;
				MTL_ENABLE_DEBUG_INFO = INCLUDE_SOURCE;
				MTL_FAST_MATH = YES;
				ONLY_ACTIVE_ARCH = YES;
				SDKROOT = iphoneos;
				SWIFT_ACTIVE_COMPILATION_CONDITIONS = DEBUG;
				SWIFT_OPTIMIZATION_LEVEL = "-Onone";
			};
			name = Debug;
		};
		749D609926AA44A4002D044C /* Release */ = {
			isa = XCBuildConfiguration;
			buildSettings = {
				ALWAYS_SEARCH_USER_PATHS = NO;
				CLANG_ANALYZER_NONNULL = YES;
				CLANG_ANALYZER_NUMBER_OBJECT_CONVERSION = YES_AGGRESSIVE;
				CLANG_CXX_LANGUAGE_STANDARD = "gnu++14";
				CLANG_CXX_LIBRARY = "libc++";
				CLANG_ENABLE_MODULES = YES;
				CLANG_ENABLE_OBJC_ARC = YES;
				CLANG_ENABLE_OBJC_WEAK = YES;
				CLANG_WARN_BLOCK_CAPTURE_AUTORELEASING = YES;
				CLANG_WARN_BOOL_CONVERSION = YES;
				CLANG_WARN_COMMA = YES;
				CLANG_WARN_CONSTANT_CONVERSION = YES;
				CLANG_WARN_DEPRECATED_OBJC_IMPLEMENTATIONS = YES;
				CLANG_WARN_DIRECT_OBJC_ISA_USAGE = YES_ERROR;
				CLANG_WARN_DOCUMENTATION_COMMENTS = YES;
				CLANG_WARN_EMPTY_BODY = YES;
				CLANG_WARN_ENUM_CONVERSION = YES;
				CLANG_WARN_INFINITE_RECURSION = YES;
				CLANG_WARN_INT_CONVERSION = YES;
				CLANG_WARN_NON_LITERAL_NULL_CONVERSION = YES;
				CLANG_WARN_OBJC_IMPLICIT_RETAIN_SELF = YES;
				CLANG_WARN_OBJC_LITERAL_CONVERSION = YES;
				CLANG_WARN_OBJC_ROOT_CLASS = YES_ERROR;
				CLANG_WARN_QUOTED_INCLUDE_IN_FRAMEWORK_HEADER = YES;
				CLANG_WARN_RANGE_LOOP_ANALYSIS = YES;
				CLANG_WARN_STRICT_PROTOTYPES = YES;
				CLANG_WARN_SUSPICIOUS_MOVE = YES;
				CLANG_WARN_UNGUARDED_AVAILABILITY = YES_AGGRESSIVE;
				CLANG_WARN_UNREACHABLE_CODE = YES;
				CLANG_WARN__DUPLICATE_METHOD_MATCH = YES;
				COPY_PHASE_STRIP = NO;
				DEBUG_INFORMATION_FORMAT = "dwarf-with-dsym";
				ENABLE_NS_ASSERTIONS = NO;
				ENABLE_STRICT_OBJC_MSGSEND = YES;
				GCC_C_LANGUAGE_STANDARD = gnu11;
				GCC_NO_COMMON_BLOCKS = YES;
				GCC_WARN_64_TO_32_BIT_CONVERSION = YES;
				GCC_WARN_ABOUT_RETURN_TYPE = YES_ERROR;
				GCC_WARN_UNDECLARED_SELECTOR = YES;
				GCC_WARN_UNINITIALIZED_AUTOS = YES_AGGRESSIVE;
				GCC_WARN_UNUSED_FUNCTION = YES;
				GCC_WARN_UNUSED_VARIABLE = YES;
				IPHONEOS_DEPLOYMENT_TARGET = 13.0;
				MTL_ENABLE_DEBUG_INFO = NO;
				MTL_FAST_MATH = YES;
				SDKROOT = iphoneos;
				SWIFT_COMPILATION_MODE = wholemodule;
				SWIFT_OPTIMIZATION_LEVEL = "-O";
				VALIDATE_PRODUCT = YES;
			};
			name = Release;
		};
		749D609B26AA44A4002D044C /* Debug */ = {
			isa = XCBuildConfiguration;
			buildSettings = {
				ASSETCATALOG_COMPILER_APPICON_NAME = AppIcon;
				ASSETCATALOG_COMPILER_GLOBAL_ACCENT_COLOR_NAME = AccentColor;
				CODE_SIGN_STYLE = Automatic;
				INFOPLIST_FILE = DiffableDataSourceReloadCellContents/Info.plist;
				LD_RUNPATH_SEARCH_PATHS = (
					"$(inherited)",
					"@executable_path/Frameworks",
				);
				PRODUCT_BUNDLE_IDENTIFIER = "com.zrn-ns.DiffableDataSourceReloadCellContents";
				PRODUCT_NAME = "$(TARGET_NAME)";
				SWIFT_VERSION = 5.0;
				TARGETED_DEVICE_FAMILY = "1,2";
			};
			name = Debug;
		};
		749D609C26AA44A4002D044C /* Release */ = {
			isa = XCBuildConfiguration;
			buildSettings = {
				ASSETCATALOG_COMPILER_APPICON_NAME = AppIcon;
				ASSETCATALOG_COMPILER_GLOBAL_ACCENT_COLOR_NAME = AccentColor;
				CODE_SIGN_STYLE = Automatic;
				INFOPLIST_FILE = DiffableDataSourceReloadCellContents/Info.plist;
				LD_RUNPATH_SEARCH_PATHS = (
					"$(inherited)",
					"@executable_path/Frameworks",
				);
				PRODUCT_BUNDLE_IDENTIFIER = "com.zrn-ns.DiffableDataSourceReloadCellContents";
				PRODUCT_NAME = "$(TARGET_NAME)";
				SWIFT_VERSION = 5.0;
				TARGETED_DEVICE_FAMILY = "1,2";
			};
			name = Release;
		};
/* End XCBuildConfiguration section */

/* Begin XCConfigurationList section */
		749D608126AA44A4002D044C /* Build configuration list for PBXProject "DiffableDataSourceReloadCellContents" */ = {
			isa = XCConfigurationList;
			buildConfigurations = (
				749D609826AA44A4002D044C /* Debug */,
				749D609926AA44A4002D044C /* Release */,
			);
			defaultConfigurationIsVisible = 0;
			defaultConfigurationName = Release;
		};
		749D609A26AA44A4002D044C /* Build configuration list for PBXNativeTarget "DiffableDataSourceReloadCellContents" */ = {
			isa = XCConfigurationList;
			buildConfigurations = (
				749D609B26AA44A4002D044C /* Debug */,
				749D609C26AA44A4002D044C /* Release */,
			);
			defaultConfigurationIsVisible = 0;
			defaultConfigurationName = Release;
		};
/* End XCConfigurationList section */
	};
	rootObject = 749D607E26AA44A4002D044C /* Project object */;
}
